
Microsoft Visual Studio Solution File, Format Version 12.00
# Visual Studio 14
VisualStudioVersion = 14.0.25420.1
MinimumVisualStudioVersion = 10.0.40219.1
Project("{FAE04EC0-301F-11D3-BF4B-00C04F79EFBC}") = "APIApplication", "APIApplication\APIApplication.csproj", "{5539C168-BB8C-4B9B-92CC-D9B1E154F729}"
EndProject
Project("{FAE04EC0-301F-11D3-BF4B-00C04F79EFBC}") = "DTOs", "DTOs\DTOs.csproj", "{B6520B1D-4ACE-4D0E-88B9-03498D0BAF2A}"
EndProject
Global
	GlobalSection(SolutionConfigurationPlatforms) = preSolution
		Debug|Any CPU = Debug|Any CPU
		Release|Any CPU = Release|Any CPU
	EndGlobalSection
	GlobalSection(ProjectConfigurationPlatforms) = postSolution
		{5539C168-BB8C-4B9B-92CC-D9B1E154F729}.Debug|Any CPU.ActiveCfg = Debug|Any CPU
		{5539C168-BB8C-4B9B-92CC-D9B1E154F729}.Debug|Any CPU.Build.0 = Debug|Any CPU
		{5539C168-BB8C-4B9B-92CC-D9B1E154F729}.Release|Any CPU.ActiveCfg = Release|Any CPU
		{5539C168-BB8C-4B9B-92CC-D9B1E154F729}.Release|Any CPU.Build.0 = Release|Any CPU
		{B6520B1D-4ACE-4D0E-88B9-03498D0BAF2A}.Debug|Any CPU.ActiveCfg = Debug|Any CPU
		{B6520B1D-4ACE-4D0E-88B9-03498D0BAF2A}.Debug|Any CPU.Build.0 = Debug|Any CPU
		{B6520B1D-4ACE-4D0E-88B9-03498D0BAF2A}.Release|Any CPU.ActiveCfg = Release|Any CPU
		{B6520B1D-4ACE-4D0E-88B9-03498D0BAF2A}.Release|Any CPU.Build.0 = Release|Any CPU
	EndGlobalSection
	GlobalSection(SolutionProperties) = preSolution
		HideSolutionNode = FALSE
	EndGlobalSection
EndGlobal
